github.com/chrisbug/headfirstgo v0.0.0-20211107213553-6553d49fc882 h1:FoGqlUbgFnH4gjdul4C5HIxVT6sWCFeaUngMrnjcRCw=
github.com/chrisbug/headfirstgo v0.0.0-20211107213553-6553d49fc882/go.mod h1:gofU5vu5WZmQCsWBVRXPCik2MoUa3+O4o6NKG182Rd8=
github.com/chrisbug/headfirstgo v0.0.0-20211107221848-ddfceec7d680 h1:Xm9IRM2ZXKYCXsrn7t9JWXQE/VuvLPwIJA4NEA4t9n4=
github.com/chrisbug/headfirstgo v0.0.0-20211107221848-ddfceec7d680/go.mod h1:gofU5vu5WZmQCsWBVRXPCik2MoUa3+O4o6NKG182Rd8=
